
Microsoft Visual Studio Solution File, Format Version 10.00
# Visual Studio 2008
Project("{FAE04EC0-301F-11D3-BF4B-00C04F79EFBC}") = "WmAutoUpdateExample", "WmAutoUpdateExample\WmAutoUpdateExample.csproj", "{5F6BB513-2689-4A7C-991C-B81C5225B4A3}"
EndProject
Project("{FAE04EC0-301F-11D3-BF4B-00C04F79EFBC}") = "WmAutoUpdate", "..\lib\WmAutoUpdate.csproj", "{C26242D5-517B-400C-98A1-5167E5D110DF}"
EndProject
Global
	GlobalSection(SolutionConfigurationPlatforms) = preSolution
		Debug|Any CPU = Debug|Any CPU
		Release|Any CPU = Release|Any CPU
	EndGlobalSection
	GlobalSection(ProjectConfigurationPlatforms) = postSolution
		{5F6BB513-2689-4A7C-991C-B81C5225B4A3}.Debug|Any CPU.ActiveCfg = Debug|Any CPU
		{5F6BB513-2689-4A7C-991C-B81C5225B4A3}.Debug|Any CPU.Build.0 = Debug|Any CPU
		{5F6BB513-2689-4A7C-991C-B81C5225B4A3}.Debug|Any CPU.Deploy.0 = Debug|Any CPU
		{5F6BB513-2689-4A7C-991C-B81C5225B4A3}.Release|Any CPU.ActiveCfg = Release|Any CPU
		{5F6BB513-2689-4A7C-991C-B81C5225B4A3}.Release|Any CPU.Build.0 = Release|Any CPU
		{5F6BB513-2689-4A7C-991C-B81C5225B4A3}.Release|Any CPU.Deploy.0 = Release|Any CPU
		{C26242D5-517B-400C-98A1-5167E5D110DF}.Debug|Any CPU.ActiveCfg = Debug|Any CPU
		{C26242D5-517B-400C-98A1-5167E5D110DF}.Debug|Any CPU.Build.0 = Debug|Any CPU
		{C26242D5-517B-400C-98A1-5167E5D110DF}.Release|Any CPU.ActiveCfg = Release|Any CPU
		{C26242D5-517B-400C-98A1-5167E5D110DF}.Release|Any CPU.Build.0 = Release|Any CPU
	EndGlobalSection
	GlobalSection(SolutionProperties) = preSolution
		HideSolutionNode = FALSE
	EndGlobalSection
EndGlobal
